
Microsoft Visual Studio Solution File, Format Version 12.00
# Visual Studio Version 16
VisualStudioVersion = 16.0.29009.5
MinimumVisualStudioVersion = 10.0.40219.1
Project("{2150E333-8FDC-42A3-9474-1A3956D46DE8}") = "2. Servicios", "2. Servicios", "{ECA8015A-1A6F-4076-9252-247D597906B7}"
EndProject
Project("{2150E333-8FDC-42A3-9474-1A3956D46DE8}") = "1. Presentacion", "1. Presentacion", "{456567F9-84AB-44F2-9E0F-E5363F995905}"
EndProject
Project("{2150E333-8FDC-42A3-9474-1A3956D46DE8}") = "3. Aplicacion", "3. Aplicacion", "{B95D5FC6-C782-42C1-AC36-3D5790FFC197}"
EndProject
Project("{2150E333-8FDC-42A3-9474-1A3956D46DE8}") = "4. Domino", "4. Domino", "{544E22FA-35E4-4280-9D11-D6ADD81BDDEA}"
EndProject
Project("{9A19103F-16F7-4668-BE54-9A1E7A4F7556}") = "Dominio.Core", "4. Domino\Dominio.Core\Dominio.Core.csproj", "{95AD589A-4020-4CAF-94D7-4921EADA32B2}"
EndProject
Project("{2150E333-8FDC-42A3-9474-1A3956D46DE8}") = "5. Infraestructura", "5. Infraestructura", "{BD8EDBCE-E267-46DF-98B1-1DCB27EE2875}"
EndProject
Project("{9A19103F-16F7-4668-BE54-9A1E7A4F7556}") = "Aplicacion.Core", "3. Aplicacion\Aplicacion.Core\Aplicacion.Core.csproj", "{A5DE77A3-7E83-4257-95FB-00E1D401D6A3}"
EndProject
Project("{9A19103F-16F7-4668-BE54-9A1E7A4F7556}") = "Aplicacion.Contratos", "3. Aplicacion\Aplicacion.Contratos\Aplicacion.Contratos.csproj", "{5529B5BA-9643-49AA-9E03-84FA9259D44D}"
EndProject
Project("{9A19103F-16F7-4668-BE54-9A1E7A4F7556}") = "Aplicacion.Implementacion", "3. Aplicacion\Aplicacion.Implementacion\Aplicacion.Implementacion.csproj", "{B3D664A2-8C80-4185-97CA-E3F4185132DC}"
EndProject
Project("{9A19103F-16F7-4668-BE54-9A1E7A4F7556}") = "Dominio.Contratos", "4. Domino\Dominio.Contratos\Dominio.Contratos.csproj", "{A97DB1C3-26DE-46B7-BF44-2A5928641364}"
EndProject
Project("{2150E333-8FDC-42A3-9474-1A3956D46DE8}") = "5.1 Datos", "5.1 Datos", "{31237618-DADC-43B1-BAB4-0D7C4544EE25}"
EndProject
Project("{9A19103F-16F7-4668-BE54-9A1E7A4F7556}") = "Datos.Persistencia.Core", "5. Infraestructura\5.1 Datos\Datos.Persistencia.Core\Datos.Persistencia.Core.csproj", "{6281FB26-C9BB-4D37-995F-C41F675336E1}"
EndProject
Project("{9A19103F-16F7-4668-BE54-9A1E7A4F7556}") = "Datos.Persistencia.Repositorios", "5. Infraestructura\5.1 Datos\Datos.Persistencia.Repositorios\Datos.Persistencia.Repositorios.csproj", "{AC8947F0-D971-44EC-81FD-C588C8477FBB}"
EndProject
Project("{2150E333-8FDC-42A3-9474-1A3956D46DE8}") = "5.2 Transversal", "5.2 Transversal", "{1D69EA40-BDD3-4F06-8457-2B4C6B0971E4}"
EndProject
Project("{9A19103F-16F7-4668-BE54-9A1E7A4F7556}") = "WebApi", "2. Servicios\WebApi\WebApi.csproj", "{C03E27E1-857D-4742-A457-7EDCCB13D369}"
EndProject
Project("{9A19103F-16F7-4668-BE54-9A1E7A4F7556}") = "Datos.Persistencia.Implementacion", "5. Infraestructura\5.1 Datos\Datos.Persistencia.Implemtacion\Datos.Persistencia.Implementacion.csproj", "{D5FCCF7E-397F-4C29-8DD6-976670F16323}"
EndProject
Project("{9A19103F-16F7-4668-BE54-9A1E7A4F7556}") = "Funciones.Archivos", "5. Infraestructura\5.2 Transversal\Funciones\Funciones.Archivos\Funciones.Archivos.csproj", "{82C6E763-7A14-4FB1-B3B4-76476B885D7A}"
EndProject
Project("{FAE04EC0-301F-11D3-BF4B-00C04F79EFBC}") = "FirmarPdf", "1. Presentacion\FirmarPdf\FirmarPdf.csproj", "{E6597234-4D8F-42F4-BF4F-AB366AFF7305}"
EndProject
Project("{FAE04EC0-301F-11D3-BF4B-00C04F79EFBC}") = "Funciones.SocketServer", "5. Infraestructura\5.2 Transversal\Funciones\Funciones.SocketServer\SocketServer\Funciones.SocketServer.csproj", "{D246C1B7-367C-4AE0-9F6E-8A3713C33C61}"
EndProject
Project("{FAE04EC0-301F-11D3-BF4B-00C04F79EFBC}") = "ActiveXioip", "5. Infraestructura\5.2 Transversal\Funciones\Funciones.Activex\ActiveXioip\ActiveXioip.csproj", "{4B2BE32B-47B1-40FC-82E8-7647AD8078C7}"
EndProject
Project("{FAE04EC0-301F-11D3-BF4B-00C04F79EFBC}") = "Funciones.Archivos.Pdf", "5. Infraestructura\5.2 Transversal\Funciones\Funciones.Archivos.Pdf\Funciones.Archivos.Pdf\Funciones.Archivos.Pdf.csproj", "{0E7C9AB9-A870-4B86-9B74-D0CF21BEEC53}"
EndProject
Global
	GlobalSection(SolutionConfigurationPlatforms) = preSolution
		Debug|Any CPU = Debug|Any CPU
		Debug|x86 = Debug|x86
		Release|Any CPU = Release|Any CPU
		Release|x86 = Release|x86
	EndGlobalSection
	GlobalSection(ProjectConfigurationPlatforms) = postSolution
		{95AD589A-4020-4CAF-94D7-4921EADA32B2}.Debug|Any CPU.ActiveCfg = Debug|Any CPU
		{95AD589A-4020-4CAF-94D7-4921EADA32B2}.Debug|Any CPU.Build.0 = Debug|Any CPU
		{95AD589A-4020-4CAF-94D7-4921EADA32B2}.Debug|x86.ActiveCfg = Debug|Any CPU
		{95AD589A-4020-4CAF-94D7-4921EADA32B2}.Debug|x86.Build.0 = Debug|Any CPU
		{95AD589A-4020-4CAF-94D7-4921EADA32B2}.Release|Any CPU.ActiveCfg = Release|Any CPU
		{95AD589A-4020-4CAF-94D7-4921EADA32B2}.Release|Any CPU.Build.0 = Release|Any CPU
		{95AD589A-4020-4CAF-94D7-4921EADA32B2}.Release|x86.ActiveCfg = Release|Any CPU
		{95AD589A-4020-4CAF-94D7-4921EADA32B2}.Release|x86.Build.0 = Release|Any CPU
		{A5DE77A3-7E83-4257-95FB-00E1D401D6A3}.Debug|Any CPU.ActiveCfg = Debug|Any CPU
		{A5DE77A3-7E83-4257-95FB-00E1D401D6A3}.Debug|Any CPU.Build.0 = Debug|Any CPU
		{A5DE77A3-7E83-4257-95FB-00E1D401D6A3}.Debug|x86.ActiveCfg = Debug|Any CPU
		{A5DE77A3-7E83-4257-95FB-00E1D401D6A3}.Debug|x86.Build.0 = Debug|Any CPU
		{A5DE77A3-7E83-4257-95FB-00E1D401D6A3}.Release|Any CPU.ActiveCfg = Release|Any CPU
		{A5DE77A3-7E83-4257-95FB-00E1D401D6A3}.Release|Any CPU.Build.0 = Release|Any CPU
		{A5DE77A3-7E83-4257-95FB-00E1D401D6A3}.Release|x86.ActiveCfg = Release|Any CPU
		{A5DE77A3-7E83-4257-95FB-00E1D401D6A3}.Release|x86.Build.0 = Release|Any CPU
		{5529B5BA-9643-49AA-9E03-84FA9259D44D}.Debug|Any CPU.ActiveCfg = Debug|Any CPU
		{5529B5BA-9643-49AA-9E03-84FA9259D44D}.Debug|Any CPU.Build.0 = Debug|Any CPU
		{5529B5BA-9643-49AA-9E03-84FA9259D44D}.Debug|x86.ActiveCfg = Debug|Any CPU
		{5529B5BA-9643-49AA-9E03-84FA9259D44D}.Debug|x86.Build.0 = Debug|Any CPU
		{5529B5BA-9643-49AA-9E03-84FA9259D44D}.Release|Any CPU.ActiveCfg = Release|Any CPU
		{5529B5BA-9643-49AA-9E03-84FA9259D44D}.Release|Any CPU.Build.0 = Release|Any CPU
		{5529B5BA-9643-49AA-9E03-84FA9259D44D}.Release|x86.ActiveCfg = Release|Any CPU
		{5529B5BA-9643-49AA-9E03-84FA9259D44D}.Release|x86.Build.0 = Release|Any CPU
		{B3D664A2-8C80-4185-97CA-E3F4185132DC}.Debug|Any CPU.ActiveCfg = Debug|Any CPU
		{B3D664A2-8C80-4185-97CA-E3F4185132DC}.Debug|Any CPU.Build.0 = Debug|Any CPU
		{B3D664A2-8C80-4185-97CA-E3F4185132DC}.Debug|x86.ActiveCfg = Debug|Any CPU
		{B3D664A2-8C80-4185-97CA-E3F4185132DC}.Debug|x86.Build.0 = Debug|Any CPU
		{B3D664A2-8C80-4185-97CA-E3F4185132DC}.Release|Any CPU.ActiveCfg = Release|Any CPU
		{B3D664A2-8C80-4185-97CA-E3F4185132DC}.Release|Any CPU.Build.0 = Release|Any CPU
		{B3D664A2-8C80-4185-97CA-E3F4185132DC}.Release|x86.ActiveCfg = Release|Any CPU
		{B3D664A2-8C80-4185-97CA-E3F4185132DC}.Release|x86.Build.0 = Release|Any CPU
		{A97DB1C3-26DE-46B7-BF44-2A5928641364}.Debug|Any CPU.ActiveCfg = Debug|Any CPU
		{A97DB1C3-26DE-46B7-BF44-2A5928641364}.Debug|Any CPU.Build.0 = Debug|Any CPU
		{A97DB1C3-26DE-46B7-BF44-2A5928641364}.Debug|x86.ActiveCfg = Debug|Any CPU
		{A97DB1C3-26DE-46B7-BF44-2A5928641364}.Debug|x86.Build.0 = Debug|Any CPU
		{A97DB1C3-26DE-46B7-BF44-2A5928641364}.Release|Any CPU.ActiveCfg = Release|Any CPU
		{A97DB1C3-26DE-46B7-BF44-2A5928641364}.Release|Any CPU.Build.0 = Release|Any CPU
		{A97DB1C3-26DE-46B7-BF44-2A5928641364}.Release|x86.ActiveCfg = Release|Any CPU
		{A97DB1C3-26DE-46B7-BF44-2A5928641364}.Release|x86.Build.0 = Release|Any CPU
		{6281FB26-C9BB-4D37-995F-C41F675336E1}.Debug|Any CPU.ActiveCfg = Debug|Any CPU
		{6281FB26-C9BB-4D37-995F-C41F675336E1}.Debug|Any CPU.Build.0 = Debug|Any CPU
		{6281FB26-C9BB-4D37-995F-C41F675336E1}.Debug|x86.ActiveCfg = Debug|Any CPU
		{6281FB26-C9BB-4D37-995F-C41F675336E1}.Debug|x86.Build.0 = Debug|Any CPU
		{6281FB26-C9BB-4D37-995F-C41F675336E1}.Release|Any CPU.ActiveCfg = Release|Any CPU
		{6281FB26-C9BB-4D37-995F-C41F675336E1}.Release|Any CPU.Build.0 = Release|Any CPU
		{6281FB26-C9BB-4D37-995F-C41F675336E1}.Release|x86.ActiveCfg = Release|Any CPU
		{6281FB26-C9BB-4D37-995F-C41F675336E1}.Release|x86.Build.0 = Release|Any CPU
		{AC8947F0-D971-44EC-81FD-C588C8477FBB}.Debug|Any CPU.ActiveCfg = Debug|Any CPU
		{AC8947F0-D971-44EC-81FD-C588C8477FBB}.Debug|Any CPU.Build.0 = Debug|Any CPU
		{AC8947F0-D971-44EC-81FD-C588C8477FBB}.Debug|x86.ActiveCfg = Debug|Any CPU
		{AC8947F0-D971-44EC-81FD-C588C8477FBB}.Debug|x86.Build.0 = Debug|Any CPU
		{AC8947F0-D971-44EC-81FD-C588C8477FBB}.Release|Any CPU.ActiveCfg = Release|Any CPU
		{AC8947F0-D971-44EC-81FD-C588C8477FBB}.Release|Any CPU.Build.0 = Release|Any CPU
		{AC8947F0-D971-44EC-81FD-C588C8477FBB}.Release|x86.ActiveCfg = Release|Any CPU
		{AC8947F0-D971-44EC-81FD-C588C8477FBB}.Release|x86.Build.0 = Release|Any CPU
		{C03E27E1-857D-4742-A457-7EDCCB13D369}.Debug|Any CPU.ActiveCfg = Debug|Any CPU
		{C03E27E1-857D-4742-A457-7EDCCB13D369}.Debug|Any CPU.Build.0 = Debug|Any CPU
		{C03E27E1-857D-4742-A457-7EDCCB13D369}.Debug|x86.ActiveCfg = Debug|Any CPU
		{C03E27E1-857D-4742-A457-7EDCCB13D369}.Debug|x86.Build.0 = Debug|Any CPU
		{C03E27E1-857D-4742-A457-7EDCCB13D369}.Release|Any CPU.ActiveCfg = Release|Any CPU
		{C03E27E1-857D-4742-A457-7EDCCB13D369}.Release|Any CPU.Build.0 = Release|Any CPU
		{C03E27E1-857D-4742-A457-7EDCCB13D369}.Release|x86.ActiveCfg = Release|Any CPU
		{C03E27E1-857D-4742-A457-7EDCCB13D369}.Release|x86.Build.0 = Release|Any CPU
		{D5FCCF7E-397F-4C29-8DD6-976670F16323}.Debug|Any CPU.ActiveCfg = Debug|Any CPU
		{D5FCCF7E-397F-4C29-8DD6-976670F16323}.Debug|Any CPU.Build.0 = Debug|Any CPU
		{D5FCCF7E-397F-4C29-8DD6-976670F16323}.Debug|x86.ActiveCfg = Debug|Any CPU
		{D5FCCF7E-397F-4C29-8DD6-976670F16323}.Debug|x86.Build.0 = Debug|Any CPU
		{D5FCCF7E-397F-4C29-8DD6-976670F16323}.Release|Any CPU.ActiveCfg = Release|Any CPU
		{D5FCCF7E-397F-4C29-8DD6-976670F16323}.Release|Any CPU.Build.0 = Release|Any CPU
		{D5FCCF7E-397F-4C29-8DD6-976670F16323}.Release|x86.ActiveCfg = Release|Any CPU
		{D5FCCF7E-397F-4C29-8DD6-976670F16323}.Release|x86.Build.0 = Release|Any CPU
		{82C6E763-7A14-4FB1-B3B4-76476B885D7A}.Debug|Any CPU.ActiveCfg = Debug|Any CPU
		{82C6E763-7A14-4FB1-B3B4-76476B885D7A}.Debug|Any CPU.Build.0 = Debug|Any CPU
		{82C6E763-7A14-4FB1-B3B4-76476B885D7A}.Debug|x86.ActiveCfg = Debug|Any CPU
		{82C6E763-7A14-4FB1-B3B4-76476B885D7A}.Debug|x86.Build.0 = Debug|Any CPU
		{82C6E763-7A14-4FB1-B3B4-76476B885D7A}.Release|Any CPU.ActiveCfg = Release|Any CPU
		{82C6E763-7A14-4FB1-B3B4-76476B885D7A}.Release|Any CPU.Build.0 = Release|Any CPU
		{82C6E763-7A14-4FB1-B3B4-76476B885D7A}.Release|x86.ActiveCfg = Release|Any CPU
		{82C6E763-7A14-4FB1-B3B4-76476B885D7A}.Release|x86.Build.0 = Release|Any CPU
		{E6597234-4D8F-42F4-BF4F-AB366AFF7305}.Debug|Any CPU.ActiveCfg = Debug|Any CPU
		{E6597234-4D8F-42F4-BF4F-AB366AFF7305}.Debug|Any CPU.Build.0 = Debug|Any CPU
		{E6597234-4D8F-42F4-BF4F-AB366AFF7305}.Debug|x86.ActiveCfg = Debug|Any CPU
		{E6597234-4D8F-42F4-BF4F-AB366AFF7305}.Debug|x86.Build.0 = Debug|Any CPU
		{E6597234-4D8F-42F4-BF4F-AB366AFF7305}.Release|Any CPU.ActiveCfg = Release|Any CPU
		{E6597234-4D8F-42F4-BF4F-AB366AFF7305}.Release|Any CPU.Build.0 = Release|Any CPU
		{E6597234-4D8F-42F4-BF4F-AB366AFF7305}.Release|x86.ActiveCfg = Release|Any CPU
		{E6597234-4D8F-42F4-BF4F-AB366AFF7305}.Release|x86.Build.0 = Release|Any CPU
		{D246C1B7-367C-4AE0-9F6E-8A3713C33C61}.Debug|Any CPU.ActiveCfg = Debug|Any CPU
		{D246C1B7-367C-4AE0-9F6E-8A3713C33C61}.Debug|Any CPU.Build.0 = Debug|Any CPU
		{D246C1B7-367C-4AE0-9F6E-8A3713C33C61}.Debug|x86.ActiveCfg = Debug|Any CPU
		{D246C1B7-367C-4AE0-9F6E-8A3713C33C61}.Debug|x86.Build.0 = Debug|Any CPU
		{D246C1B7-367C-4AE0-9F6E-8A3713C33C61}.Release|Any CPU.ActiveCfg = Release|Any CPU
		{D246C1B7-367C-4AE0-9F6E-8A3713C33C61}.Release|Any CPU.Build.0 = Release|Any CPU
		{D246C1B7-367C-4AE0-9F6E-8A3713C33C61}.Release|x86.ActiveCfg = Release|Any CPU
		{D246C1B7-367C-4AE0-9F6E-8A3713C33C61}.Release|x86.Build.0 = Release|Any CPU
		{4B2BE32B-47B1-40FC-82E8-7647AD8078C7}.Debug|Any CPU.ActiveCfg = Debug|Any CPU
		{4B2BE32B-47B1-40FC-82E8-7647AD8078C7}.Debug|Any CPU.Build.0 = Debug|Any CPU
		{4B2BE32B-47B1-40FC-82E8-7647AD8078C7}.Debug|x86.ActiveCfg = Debug|Any CPU
		{4B2BE32B-47B1-40FC-82E8-7647AD8078C7}.Debug|x86.Build.0 = Debug|Any CPU
		{4B2BE32B-47B1-40FC-82E8-7647AD8078C7}.Release|Any CPU.ActiveCfg = Release|Any CPU
		{4B2BE32B-47B1-40FC-82E8-7647AD8078C7}.Release|Any CPU.Build.0 = Release|Any CPU
		{4B2BE32B-47B1-40FC-82E8-7647AD8078C7}.Release|x86.ActiveCfg = Release|Any CPU
		{4B2BE32B-47B1-40FC-82E8-7647AD8078C7}.Release|x86.Build.0 = Release|Any CPU
		{0E7C9AB9-A870-4B86-9B74-D0CF21BEEC53}.Debug|Any CPU.ActiveCfg = Debug|Any CPU
		{0E7C9AB9-A870-4B86-9B74-D0CF21BEEC53}.Debug|Any CPU.Build.0 = Debug|Any CPU
		{0E7C9AB9-A870-4B86-9B74-D0CF21BEEC53}.Debug|x86.ActiveCfg = Debug|Any CPU
		{0E7C9AB9-A870-4B86-9B74-D0CF21BEEC53}.Debug|x86.Build.0 = Debug|Any CPU
		{0E7C9AB9-A870-4B86-9B74-D0CF21BEEC53}.Release|Any CPU.ActiveCfg = Release|Any CPU
		{0E7C9AB9-A870-4B86-9B74-D0CF21BEEC53}.Release|Any CPU.Build.0 = Release|Any CPU
		{0E7C9AB9-A870-4B86-9B74-D0CF21BEEC53}.Release|x86.ActiveCfg = Release|Any CPU
		{0E7C9AB9-A870-4B86-9B74-D0CF21BEEC53}.Release|x86.Build.0 = Release|Any CPU
	EndGlobalSection
	GlobalSection(SolutionProperties) = preSolution
		HideSolutionNode = FALSE
	EndGlobalSection
	GlobalSection(NestedProjects) = preSolution
		{95AD589A-4020-4CAF-94D7-4921EADA32B2} = {544E22FA-35E4-4280-9D11-D6ADD81BDDEA}
		{A5DE77A3-7E83-4257-95FB-00E1D401D6A3} = {B95D5FC6-C782-42C1-AC36-3D5790FFC197}
		{5529B5BA-9643-49AA-9E03-84FA9259D44D} = {B95D5FC6-C782-42C1-AC36-3D5790FFC197}
		{B3D664A2-8C80-4185-97CA-E3F4185132DC} = {B95D5FC6-C782-42C1-AC36-3D5790FFC197}
		{A97DB1C3-26DE-46B7-BF44-2A5928641364} = {544E22FA-35E4-4280-9D11-D6ADD81BDDEA}
		{31237618-DADC-43B1-BAB4-0D7C4544EE25} = {BD8EDBCE-E267-46DF-98B1-1DCB27EE2875}
		{6281FB26-C9BB-4D37-995F-C41F675336E1} = {31237618-DADC-43B1-BAB4-0D7C4544EE25}
		{AC8947F0-D971-44EC-81FD-C588C8477FBB} = {31237618-DADC-43B1-BAB4-0D7C4544EE25}
		{1D69EA40-BDD3-4F06-8457-2B4C6B0971E4} = {BD8EDBCE-E267-46DF-98B1-1DCB27EE2875}
		{C03E27E1-857D-4742-A457-7EDCCB13D369} = {ECA8015A-1A6F-4076-9252-247D597906B7}
		{D5FCCF7E-397F-4C29-8DD6-976670F16323} = {31237618-DADC-43B1-BAB4-0D7C4544EE25}
		{82C6E763-7A14-4FB1-B3B4-76476B885D7A} = {1D69EA40-BDD3-4F06-8457-2B4C6B0971E4}
		{E6597234-4D8F-42F4-BF4F-AB366AFF7305} = {456567F9-84AB-44F2-9E0F-E5363F995905}
		{D246C1B7-367C-4AE0-9F6E-8A3713C33C61} = {1D69EA40-BDD3-4F06-8457-2B4C6B0971E4}
		{4B2BE32B-47B1-40FC-82E8-7647AD8078C7} = {1D69EA40-BDD3-4F06-8457-2B4C6B0971E4}
		{0E7C9AB9-A870-4B86-9B74-D0CF21BEEC53} = {1D69EA40-BDD3-4F06-8457-2B4C6B0971E4}
	EndGlobalSection
	GlobalSection(ExtensibilityGlobals) = postSolution
		SolutionGuid = {0948F4AE-3DE4-4EC3-B7B0-8C53B8FD71A1}
	EndGlobalSection
EndGlobal
