
Microsoft Visual Studio Solution File, Format Version 12.00
# Visual Studio Version 16
VisualStudioVersion = 16.0.29806.167
MinimumVisualStudioVersion = 10.0.40219.1
Project("{9A19103F-16F7-4668-BE54-9A1E7A4F7556}") = "ProcessPdf", "ProcessPdf.csproj", "{15EC9742-BA12-4884-9B4B-C551974D175D}"
EndProject
Project("{FAE04EC0-301F-11D3-BF4B-00C04F79EFBC}") = "Funciones.Archivos.Pdf", "..\..\..\5. Infraestructura\5.2 Transversal\Funciones\Funciones.Archivos.Pdf\Funciones.Archivos.Pdf\Funciones.Archivos.Pdf.csproj", "{0E7C9AB9-A870-4B86-9B74-D0CF21BEEC53}"
EndProject
Global
	GlobalSection(SolutionConfigurationPlatforms) = preSolution
		Debug|Any CPU = Debug|Any CPU
		Release|Any CPU = Release|Any CPU
	EndGlobalSection
	GlobalSection(ProjectConfigurationPlatforms) = postSolution
		{15EC9742-BA12-4884-9B4B-C551974D175D}.Debug|Any CPU.ActiveCfg = Debug|Any CPU
		{15EC9742-BA12-4884-9B4B-C551974D175D}.Debug|Any CPU.Build.0 = Debug|Any CPU
		{15EC9742-BA12-4884-9B4B-C551974D175D}.Release|Any CPU.ActiveCfg = Release|Any CPU
		{15EC9742-BA12-4884-9B4B-C551974D175D}.Release|Any CPU.Build.0 = Release|Any CPU
		{0E7C9AB9-A870-4B86-9B74-D0CF21BEEC53}.Debug|Any CPU.ActiveCfg = Debug|Any CPU
		{0E7C9AB9-A870-4B86-9B74-D0CF21BEEC53}.Debug|Any CPU.Build.0 = Debug|Any CPU
		{0E7C9AB9-A870-4B86-9B74-D0CF21BEEC53}.Release|Any CPU.ActiveCfg = Release|Any CPU
		{0E7C9AB9-A870-4B86-9B74-D0CF21BEEC53}.Release|Any CPU.Build.0 = Release|Any CPU
	EndGlobalSection
	GlobalSection(SolutionProperties) = preSolution
		HideSolutionNode = FALSE
	EndGlobalSection
	GlobalSection(ExtensibilityGlobals) = postSolution
		SolutionGuid = {6CF0F32C-B517-435D-8912-74386175AA25}
	EndGlobalSection
EndGlobal
